
Microsoft Visual Studio Solution File, Format Version 12.00
# Visual Studio Version 17
VisualStudioVersion = 17.8.34511.84
MinimumVisualStudioVersion = 10.0.40219.1
Project("{9A19103F-16F7-4668-BE54-9A1E7A4F7556}") = "MyEcommerce", "MyEcommerce\MyEcommerce\MyEcommerce.csproj", "{8FE18865-622D-40A4-A35D-5DFBF08A07B7}"
EndProject
Project("{2150E333-8FDC-42A3-9474-1A3956D46DE8}") = "Models", "Models", "{20D3AEC6-C1E7-477A-BC43-AA5A657E0EB7}"
EndProject
Project("{9A19103F-16F7-4668-BE54-9A1E7A4F7556}") = "MyEcommerce.Application", "MyEcommerce\MyEcommerce.Application\MyEcommerce.Application\MyEcommerce.Application.csproj", "{1DF06218-4FEF-451E-85CE-3051A399504D}"
EndProject
Project("{2150E333-8FDC-42A3-9474-1A3956D46DE8}") = "Solution Items", "Solution Items", "{A4175B6E-8198-46DC-896D-F38ED9F6F3B8}"
	ProjectSection(SolutionItems) = preProject
		.editorconfig = .editorconfig
	EndProjectSection
EndProject
Project("{FAE04EC0-301F-11D3-BF4B-00C04F79EFBC}") = "MyEcommerce.Shared", "MyEcommerce\MyEcommerce.Shared\MyEcommerce.Shared.csproj", "{DAFFA97A-5F0C-4971-AF67-B80DA056C1B2}"
EndProject
Global
	GlobalSection(SolutionConfigurationPlatforms) = preSolution
		Debug|Any CPU = Debug|Any CPU
		Release|Any CPU = Release|Any CPU
	EndGlobalSection
	GlobalSection(ProjectConfigurationPlatforms) = postSolution
		{8FE18865-622D-40A4-A35D-5DFBF08A07B7}.Debug|Any CPU.ActiveCfg = Debug|Any CPU
		{8FE18865-622D-40A4-A35D-5DFBF08A07B7}.Debug|Any CPU.Build.0 = Debug|Any CPU
		{8FE18865-622D-40A4-A35D-5DFBF08A07B7}.Release|Any CPU.ActiveCfg = Release|Any CPU
		{8FE18865-622D-40A4-A35D-5DFBF08A07B7}.Release|Any CPU.Build.0 = Release|Any CPU
		{1DF06218-4FEF-451E-85CE-3051A399504D}.Debug|Any CPU.ActiveCfg = Debug|Any CPU
		{1DF06218-4FEF-451E-85CE-3051A399504D}.Debug|Any CPU.Build.0 = Debug|Any CPU
		{1DF06218-4FEF-451E-85CE-3051A399504D}.Release|Any CPU.ActiveCfg = Release|Any CPU
		{1DF06218-4FEF-451E-85CE-3051A399504D}.Release|Any CPU.Build.0 = Release|Any CPU
		{DAFFA97A-5F0C-4971-AF67-B80DA056C1B2}.Debug|Any CPU.ActiveCfg = Debug|Any CPU
		{DAFFA97A-5F0C-4971-AF67-B80DA056C1B2}.Debug|Any CPU.Build.0 = Debug|Any CPU
		{DAFFA97A-5F0C-4971-AF67-B80DA056C1B2}.Release|Any CPU.ActiveCfg = Release|Any CPU
		{DAFFA97A-5F0C-4971-AF67-B80DA056C1B2}.Release|Any CPU.Build.0 = Release|Any CPU
	EndGlobalSection
	GlobalSection(SolutionProperties) = preSolution
		HideSolutionNode = FALSE
	EndGlobalSection
	GlobalSection(ExtensibilityGlobals) = postSolution
		SolutionGuid = {E2F98DCE-F306-433E-9088-AB45065D9390}
	EndGlobalSection
EndGlobal
